PODS:
  - AutoCoding (2.2)
  - CocoaAsyncSocket (7.3.5)
  - CocoaLumberjack (1.9.1):
    - CocoaLumberjack/CLI
    - CocoaLumberjack/Core
    - CocoaLumberjack/Extensions
  - CocoaLumberjack/CLI (1.9.1):
    - CocoaLumberjack/Core
  - CocoaLumberjack/Core (1.9.1)
  - CocoaLumberjack/Extensions (1.9.1):
    - CocoaLumberjack/Core
  - OpenSSL-Universal (1.0.1.h)

DEPENDENCIES:
  - AutoCoding (~> 2.2)
  - CocoaAsyncSocket (~> 7.3.5)
  - CocoaLumberjack (~> 1.9.0)
  - OpenSSL-Universal (~> 1.0.1.h)

SPEC CHECKSUMS:
  AutoCoding: 2a15d57acf78912b72cc3b3a472e614b2f112a18
  CocoaAsyncSocket: 45bdbbc1c0a5ed0640ff4c42af325ba43a2f099a
  CocoaLumberjack: 94accd5749f5c5d15134c8d50f34a973aed8ef69
  OpenSSL-Universal: 9c112508615ed33bb35f730eed820e93175a9dec

COCOAPODS: 0.32.1
