PODS:
  - AutoCoding (2.2)
  - CocoaAsyncSocket (7.3.5)
  - CocoaLumberjack (1.9.2):
    - CocoaLumberjack/Extensions
  - CocoaLumberjack/Core (1.9.2)
  - CocoaLumberjack/Extensions (1.9.2):
    - CocoaLumberjack/Core
  - OpenSSL-Universal (1.0.1.i)

DEPENDENCIES:
  - AutoCoding (~> 2.2)
  - CocoaAsyncSocket (~> 7.3.5)
  - CocoaLumberjack (~> 1.9.0)
  - OpenSSL-Universal (~> 1.0.1.h)

SPEC CHECKSUMS:
  AutoCoding: 2a15d57acf78912b72cc3b3a472e614b2f112a18
  CocoaAsyncSocket: 45bdbbc1c0a5ed0640ff4c42af325ba43a2f099a
  CocoaLumberjack: 205769c032b5fef85b92472046bcc8b7e7c8a817
  OpenSSL-Universal: 47c29b0c3e5b781ac74276a662c4fbe78ea5d4d8

COCOAPODS: 0.33.1
